
Microsoft Visual Studio Solution File, Format Version 12.00
Project("{FAE04EC0-301F-11D3-BF4B-00C04F79EFBC}") = "DatabaseLockSample.EFCore", "DatabaseLockSample.EFCore\DatabaseLockSample.EFCore.csproj", "{F1C73EE8-D55C-4395-85B3-B0447A1DDE9F}"
EndProject
Project("{FAE04EC0-301F-11D3-BF4B-00C04F79EFBC}") = "DatabaseLockSample.EFCore.Test", "DatabaseLockSample.EFCore.Test\DatabaseLockSample.EFCore.Test.csproj", "{A6072967-043B-4729-AB06-7928F94D138F}"
EndProject
Global
	GlobalSection(SolutionConfigurationPlatforms) = preSolution
		Debug|Any CPU = Debug|Any CPU
		Release|Any CPU = Release|Any CPU
	EndGlobalSection
	GlobalSection(ProjectConfigurationPlatforms) = postSolution
		{F1C73EE8-D55C-4395-85B3-B0447A1DDE9F}.Debug|Any CPU.ActiveCfg = Debug|Any CPU
		{F1C73EE8-D55C-4395-85B3-B0447A1DDE9F}.Debug|Any CPU.Build.0 = Debug|Any CPU
		{F1C73EE8-D55C-4395-85B3-B0447A1DDE9F}.Release|Any CPU.ActiveCfg = Release|Any CPU
		{F1C73EE8-D55C-4395-85B3-B0447A1DDE9F}.Release|Any CPU.Build.0 = Release|Any CPU
		{A6072967-043B-4729-AB06-7928F94D138F}.Debug|Any CPU.ActiveCfg = Debug|Any CPU
		{A6072967-043B-4729-AB06-7928F94D138F}.Debug|Any CPU.Build.0 = Debug|Any CPU
		{A6072967-043B-4729-AB06-7928F94D138F}.Release|Any CPU.ActiveCfg = Release|Any CPU
		{A6072967-043B-4729-AB06-7928F94D138F}.Release|Any CPU.Build.0 = Release|Any CPU
	EndGlobalSection
EndGlobal
